// !$*UTF8*$!
{
	archiveVersion = 1;
	classes = {
	};
	objectVersion = 55;
	objects = {

/* Begin PBXBuildFile section */
		824CFC2C27C5110600A6CF40 /* iGrids_Energy_MonitorApp.swift in Sources */ = {isa = PBXBuildFile; fileRef = 824CFC2B27C5110600A6CF40 /* iGrids_Energy_MonitorApp.swift */; };
		824CFC2E27C5110600A6CF40 /* ContentView.swift in Sources */ = {isa = PBXBuildFile; fileRef = 824CFC2D27C5110600A6CF40 /* ContentView.swift */; };
		824CFC3027C5110B00A6CF40 /* Assets.xcassets in Resources */ = {isa = PBXBuildFile; fileRef = 824CFC2F27C5110B00A6CF40 /* Assets.xcassets */; };
		824CFC3327C5110B00A6CF40 /* Preview Assets.xcassets in Resources */ = {isa = PBXBuildFile; fileRef = 824CFC3227C5110B00A6CF40 /* Preview Assets.xcassets */; };
		824CFC3D27C5110B00A6CF40 /* iGrids_Energy_MonitorTests.swift in Sources */ = {isa = PBXBuildFile; fileRef = 824CFC3C27C5110B00A6CF40 /* iGrids_Energy_MonitorTests.swift */; };
		824CFC4727C5110B00A6CF40 /* iGrids_Energy_MonitorUITests.swift in Sources */ = {isa = PBXBuildFile; fileRef = 824CFC4627C5110B00A6CF40 /* iGrids_Energy_MonitorUITests.swift */; };
		824CFC4927C5110B00A6CF40 /* iGrids_Energy_MonitorUITestsLaunchTests.swift in Sources */ = {isa = PBXBuildFile; fileRef = 824CFC4827C5110B00A6CF40 /* iGrids_Energy_MonitorUITestsLaunchTests.swift */; };
/* End PBXBuildFile section */

/* Begin PBXContainerItemProxy section */
		824CFC3927C5110B00A6CF40 /* PBXContainerItemProxy */ = {
			isa = PBXContainerItemProxy;
			containerPortal = 824CFC2027C5110600A6CF40 /* Project object */;
			proxyType = 1;
			remoteGlobalIDString = 824CFC2727C5110600A6CF40;
			remoteInfo = "iGrids Energy Monitor";
		};
		824CFC4327C5110B00A6CF40 /* PBXContainerItemProxy */ = {
			isa = PBXContainerItemProxy;
			containerPortal = 824CFC2027C5110600A6CF40 /* Project object */;
			proxyType = 1;
			remoteGlobalIDString = 824CFC2727C5110600A6CF40;
			remoteInfo = "iGrids Energy Monitor";
		};
/* End PBXContainerItemProxy section */

/* Begin PBXFileReference section */
		824CFC2827C5110600A6CF40 /* iGrids Energy Monitor.app */ = {isa = PBXFileReference; explicitFileType = wrapper.application; includeInIndex = 0; path = "iGrids Energy Monitor.app"; sourceTree = BUILT_PRODUCTS_DIR; };
		824CFC2B27C5110600A6CF40 /* iGrids_Energy_MonitorApp.swift */ = {isa = PBXFileReference; lastKnownFileType = sourcecode.swift; path = iGrids_Energy_MonitorApp.swift; sourceTree = "<group>"; };
		824CFC2D27C5110600A6CF40 /* ContentView.swift */ = {isa = PBXFileReference; lastKnownFileType = sourcecode.swift; path = ContentView.swift; sourceTree = "<group>"; };
		824CFC2F27C5110B00A6CF40 /* Assets.xcassets */ = {isa = PBXFileReference; lastKnownFileType = folder.assetcatalog; path = Assets.xcassets; sourceTree = "<group>"; };
		824CFC3227C5110B00A6CF40 /* Preview Assets.xcassets */ = {isa = PBXFileReference; lastKnownFileType = folder.assetcatalog; path = "Preview Assets.xcassets"; sourceTree = "<group>"; };
		824CFC3827C5110B00A6CF40 /* iGrids Energy MonitorTests.xctest */ = {isa = PBXFileReference; explicitFileType = wrapper.cfbundle; includeInIndex = 0; path = "iGrids Energy MonitorTests.xctest"; sourceTree = BUILT_PRODUCTS_DIR; };
		824CFC3C27C5110B00A6CF40 /* iGrids_Energy_MonitorTests.swift */ = {isa = PBXFileReference; lastKnownFileType = sourcecode.swift; path = iGrids_Energy_MonitorTests.swift; sourceTree = "<group>"; };
		824CFC4227C5110B00A6CF40 /* iGrids Energy MonitorUITests.xctest */ = {isa = PBXFileReference; explicitFileType = wrapper.cfbundle; includeInIndex = 0; path = "iGrids Energy MonitorUITests.xctest"; sourceTree = BUILT_PRODUCTS_DIR; };
		824CFC4627C5110B00A6CF40 /* iGrids_Energy_MonitorUITests.swift */ = {isa = PBXFileReference; lastKnownFileType = sourcecode.swift; path = iGrids_Energy_MonitorUITests.swift; sourceTree = "<group>"; };
		824CFC4827C5110B00A6CF40 /* iGrids_Energy_MonitorUITestsLaunchTests.swift */ = {isa = PBXFileReference; lastKnownFileType = sourcecode.swift; path = iGrids_Energy_MonitorUITestsLaunchTests.swift; sourceTree = "<group>"; };
/* End PBXFileReference section */

/* Begin PBXFrameworksBuildPhase section */
		824CFC2527C5110600A6CF40 /* Frameworks */ = {
			isa = PBXFrameworksBuildPhase;
			buildActionMask = 2147483647;
			files = (
			);
			runOnlyForDeploymentPostprocessing = 0;
		};
		824CFC3527C5110B00A6CF40 /* Frameworks */ = {
			isa = PBXFrameworksBuildPhase;
			buildActionMask = 2147483647;
			files = (
			);
			runOnlyForDeploymentPostprocessing = 0;
		};
		824CFC3F27C5110B00A6CF40 /* Frameworks */ = {
			isa = PBXFrameworksBuildPhase;
			buildActionMask = 2147483647;
			files = (
			);
			runOnlyForDeploymentPostprocessing = 0;
		};
/* End PBXFrameworksBuildPhase section */

/* Begin PBXGroup section */
		824CFC1F27C5110600A6CF40 = {
			isa = PBXGroup;
			children = (
				824CFC2A27C5110600A6CF40 /* iGrids Energy Monitor */,
				824CFC3B27C5110B00A6CF40 /* iGrids Energy MonitorTests */,
				824CFC4527C5110B00A6CF40 /* iGrids Energy MonitorUITests */,
				824CFC2927C5110600A6CF40 /* Products */,
			);
			sourceTree = "<group>";
		};
		824CFC2927C5110600A6CF40 /* Products */ = {
			isa = PBXGroup;
			children = (
				824CFC2827C5110600A6CF40 /* iGrids Energy Monitor.app */,
				824CFC3827C5110B00A6CF40 /* iGrids Energy MonitorTests.xctest */,
				824CFC4227C5110B00A6CF40 /* iGrids Energy MonitorUITests.xctest */,
			);
			name = Products;
			sourceTree = "<group>";
		};
		824CFC2A27C5110600A6CF40 /* iGrids Energy Monitor */ = {
			isa = PBXGroup;
			children = (
				824CFC2B27C5110600A6CF40 /* iGrids_Energy_MonitorApp.swift */,
				824CFC2D27C5110600A6CF40 /* ContentView.swift */,
				824CFC2F27C5110B00A6CF40 /* Assets.xcassets */,
				824CFC3127C5110B00A6CF40 /* Preview Content */,
			);
			path = "iGrids Energy Monitor";
			sourceTree = "<group>";
		};
		824CFC3127C5110B00A6CF40 /* Preview Content */ = {
			isa = PBXGroup;
			children = (
				824CFC3227C5110B00A6CF40 /* Preview Assets.xcassets */,
			);
			path = "Preview Content";
			sourceTree = "<group>";
		};
		824CFC3B27C5110B00A6CF40 /* iGrids Energy MonitorTests */ = {
			isa = PBXGroup;
			children = (
				824CFC3C27C5110B00A6CF40 /* iGrids_Energy_MonitorTests.swift */,
			);
			path = "iGrids Energy MonitorTests";
			sourceTree = "<group>";
		};
		824CFC4527C5110B00A6CF40 /* iGrids Energy MonitorUITests */ = {
			isa = PBXGroup;
			children = (
				824CFC4627C5110B00A6CF40 /* iGrids_Energy_MonitorUITests.swift */,
				824CFC4827C5110B00A6CF40 /* iGrids_Energy_MonitorUITestsLaunchTests.swift */,
			);
			path = "iGrids Energy MonitorUITests";
			sourceTree = "<group>";
		};
/* End PBXGroup section */

/* Begin PBXNativeTarget section */
		824CFC2727C5110600A6CF40 /* iGrids Energy Monitor */ = {
			isa = PBXNativeTarget;
			buildConfigurationList = 824CFC4C27C5110B00A6CF40 /* Build configuration list for PBXNativeTarget "iGrids Energy Monitor" */;
			buildPhases = (
				824CFC2427C5110600A6CF40 /* Sources */,
				824CFC2527C5110600A6CF40 /* Frameworks */,
				824CFC2627C5110600A6CF40 /* Resources */,
			);
			buildRules = (
			);
			dependencies = (
			);
			name = "iGrids Energy Monitor";
			productName = "iGrids Energy Monitor";
			productReference = 824CFC2827C5110600A6CF40 /* iGrids Energy Monitor.app */;
			productType = "com.apple.product-type.application";
		};
		824CFC3727C5110B00A6CF40 /* iGrids Energy MonitorTests */ = {
			isa = PBXNativeTarget;
			buildConfigurationList = 824CFC4F27C5110B00A6CF40 /* Build configuration list for PBXNativeTarget "iGrids Energy MonitorTests" */;
			buildPhases = (
				824CFC3427C5110B00A6CF40 /* Sources */,
				824CFC3527C5110B00A6CF40 /* Frameworks */,
				824CFC3627C5110B00A6CF40 /* Resources */,
			);
			buildRules = (
			);
			dependencies = (
				824CFC3A27C5110B00A6CF40 /* PBXTargetDependency */,
			);
			name = "iGrids Energy MonitorTests";
			productName = "iGrids Energy MonitorTests";
			productReference = 824CFC3827C5110B00A6CF40 /* iGrids Energy MonitorTests.xctest */;
			productType = "com.apple.product-type.bundle.unit-test";
		};
		824CFC4127C5110B00A6CF40 /* iGrids Energy MonitorUITests */ = {
			isa = PBXNativeTarget;
			buildConfigurationList = 824CFC5227C5110B00A6CF40 /* Build configuration list for PBXNativeTarget "iGrids Energy MonitorUITests" */;
			buildPhases = (
				824CFC3E27C5110B00A6CF40 /* Sources */,
				824CFC3F27C5110B00A6CF40 /* Frameworks */,
				824CFC4027C5110B00A6CF40 /* Resources */,
			);
			buildRules = (
			);
			dependencies = (
				824CFC4427C5110B00A6CF40 /* PBXTargetDependency */,
			);
			name = "iGrids Energy MonitorUITests";
			productName = "iGrids Energy MonitorUITests";
			productReference = 824CFC4227C5110B00A6CF40 /* iGrids Energy MonitorUITests.xctest */;
			productType = "com.apple.product-type.bundle.ui-testing";
		};
/* End PBXNativeTarget section */

/* Begin PBXProject section */
		824CFC2027C5110600A6CF40 /* Project object */ = {
			isa = PBXProject;
			attributes = {
				BuildIndependentTargetsInParallel = 1;
				LastSwiftUpdateCheck = 1320;
				LastUpgradeCheck = 1320;
				TargetAttributes = {
					824CFC2727C5110600A6CF40 = {
						CreatedOnToolsVersion = 13.2.1;
					};
					824CFC3727C5110B00A6CF40 = {
						CreatedOnToolsVersion = 13.2.1;
						TestTargetID = 824CFC2727C5110600A6CF40;
					};
					824CFC4127C5110B00A6CF40 = {
						CreatedOnToolsVersion = 13.2.1;
						TestTargetID = 824CFC2727C5110600A6CF40;
					};
				};
			};
			buildConfigurationList = 824CFC2327C5110600A6CF40 /* Build configuration list for PBXProject "iGrids Energy Monitor" */;
			compatibilityVersion = "Xcode 13.0";
			developmentRegion = en;
			hasScannedForEncodings = 0;
			knownRegions = (
				en,
				Base,
			);
			mainGroup = 824CFC1F27C5110600A6CF40;
			productRefGroup = 824CFC2927C5110600A6CF40 /* Products */;
			projectDirPath = "";
			projectRoot = "";
			targets = (
				824CFC2727C5110600A6CF40 /* iGrids Energy Monitor */,
				824CFC3727C5110B00A6CF40 /* iGrids Energy MonitorTests */,
				824CFC4127C5110B00A6CF40 /* iGrids Energy MonitorUITests */,
			);
		};
/* End PBXProject section */

/* Begin PBXResourcesBuildPhase section */
		824CFC2627C5110600A6CF40 /* Resources */ = {
			isa = PBXResourcesBuildPhase;
			buildActionMask = 2147483647;
			files = (
				824CFC3327C5110B00A6CF40 /* Preview Assets.xcassets in Resources */,
				824CFC3027C5110B00A6CF40 /* Assets.xcassets in Resources */,
			);
			runOnlyForDeploymentPostprocessing = 0;
		};
		824CFC3627C5110B00A6CF40 /* Resources */ = {
			isa = PBXResourcesBuildPhase;
			buildActionMask = 2147483647;
			files = (
			);
			runOnlyForDeploymentPostprocessing = 0;
		};
		824CFC4027C5110B00A6CF40 /* Resources */ = {
			isa = PBXResourcesBuildPhase;
			buildActionMask = 2147483647;
			files = (
			);
			runOnlyForDeploymentPostprocessing = 0;
		};
/* End PBXResourcesBuildPhase section */

/* Begin PBXSourcesBuildPhase section */
		824CFC2427C5110600A6CF40 /* Sources */ = {
			isa = PBXSourcesBuildPhase;
			buildActionMask = 2147483647;
			files = (
				824CFC2E27C5110600A6CF40 /* ContentView.swift in Sources */,
				824CFC2C27C5110600A6CF40 /* iGrids_Energy_MonitorApp.swift in Sources */,
			);
			runOnlyForDeploymentPostprocessing = 0;
		};
		824CFC3427C5110B00A6CF40 /* Sources */ = {
			isa = PBXSourcesBuildPhase;
			buildActionMask = 2147483647;
			files = (
				824CFC3D27C5110B00A6CF40 /* iGrids_Energy_MonitorTests.swift in Sources */,
			);
			runOnlyForDeploymentPostprocessing = 0;
		};
		824CFC3E27C5110B00A6CF40 /* Sources */ = {
			isa = PBXSourcesBuildPhase;
			buildActionMask = 2147483647;
			files = (
				824CFC4727C5110B00A6CF40 /* iGrids_Energy_MonitorUITests.swift in Sources */,
				824CFC4927C5110B00A6CF40 /* iGrids_Energy_MonitorUITestsLaunchTests.swift in Sources */,
			);
			runOnlyForDeploymentPostprocessing = 0;
		};
/* End PBXSourcesBuildPhase section */

/* Begin PBXTargetDependency section */
		824CFC3A27C5110B00A6CF40 /* PBXTargetDependency */ = {
			isa = PBXTargetDependency;
			target = 824CFC2727C5110600A6CF40 /* iGrids Energy Monitor */;
			targetProxy = 824CFC3927C5110B00A6CF40 /* PBXContainerItemProxy */;
		};
		824CFC4427C5110B00A6CF40 /* PBXTargetDependency */ = {
			isa = PBXTargetDependency;
			target = 824CFC2727C5110600A6CF40 /* iGrids Energy Monitor */;
			targetProxy = 824CFC4327C5110B00A6CF40 /* PBXContainerItemProxy */;
		};
/* End PBXTargetDependency section */

/* Begin XCBuildConfiguration section */
		824CFC4A27C5110B00A6CF40 /* Debug */ = {
			isa = XCBuildConfiguration;
			buildSettings = {
				ALWAYS_SEARCH_USER_PATHS = NO;
				CLANG_ANALYZER_NONNULL = YES;
				CLANG_ANALYZER_NUMBER_OBJECT_CONVERSION = YES_AGGRESSIVE;
				CLANG_CXX_LANGUAGE_STANDARD = "gnu++17";
				CLANG_CXX_LIBRARY = "libc++";
				CLANG_ENABLE_MODULES = YES;
				CLANG_ENABLE_OBJC_ARC = YES;
				CLANG_ENABLE_OBJC_WEAK = YES;
				CLANG_WARN_BLOCK_CAPTURE_AUTORELEASING = YES;
				CLANG_WARN_BOOL_CONVERSION = YES;
				CLANG_WARN_COMMA = YES;
				CLANG_WARN_CONSTANT_CONVERSION = YES;
				CLANG_WARN_DEPRECATED_OBJC_IMPLEMENTATIONS = YES;
				CLANG_WARN_DIRECT_OBJC_ISA_USAGE = YES_ERROR;
				CLANG_WARN_DOCUMENTATION_COMMENTS = YES;
				CLANG_WARN_EMPTY_BODY = YES;
				CLANG_WARN_ENUM_CONVERSION = YES;
				CLANG_WARN_INFINITE_RECURSION = YES;
				CLANG_WARN_INT_CONVERSION = YES;
				CLANG_WARN_NON_LITERAL_NULL_CONVERSION = YES;
				CLANG_WARN_OBJC_IMPLICIT_RETAIN_SELF = YES;
				CLANG_WARN_OBJC_LITERAL_CONVERSION = YES;
				CLANG_WARN_OBJC_ROOT_CLASS = YES_ERROR;
				CLANG_WARN_QUOTED_INCLUDE_IN_FRAMEWORK_HEADER = YES;
				CLANG_WARN_RANGE_LOOP_ANALYSIS = YES;
				CLANG_WARN_STRICT_PROTOTYPES = YES;
				CLANG_WARN_SUSPICIOUS_MOVE = YES;
				CLANG_WARN_UNGUARDED_AVAILABILITY = YES_AGGRESSIVE;
				CLANG_WARN_UNREACHABLE_CODE = YES;
				CLANG_WARN__DUPLICATE_METHOD_MATCH = YES;
				COPY_PHASE_STRIP = NO;
				DEBUG_INFORMATION_FORMAT = dwarf;
				ENABLE_STRICT_OBJC_MSGSEND = YES;
				ENABLE_TESTABILITY = YES;
				GCC_C_LANGUAGE_STANDARD = gnu11;
				GCC_DYNAMIC_NO_PIC = NO;
				GCC_NO_COMMON_BLOCKS = YES;
				GCC_OPTIMIZATION_LEVEL = 0;
				GCC_PREPROCESSOR_DEFINITIONS = (
					"DEBUG=1",
					"$(inherited)",
				);
				GCC_WARN_64_TO_32_BIT_CONVERSION = YES;
				GCC_WARN_ABOUT_RETURN_TYPE = YES_ERROR;
				GCC_WARN_UNDECLARED_SELECTOR = YES;
				GCC_WARN_UNINITIALIZED_AUTOS = YES_AGGRESSIVE;
				GCC_WARN_UNUSED_FUNCTION = YES;
				GCC_WARN_UNUSED_VARIABLE = YES;
				IPHONEOS_DEPLOYMENT_TARGET = 15.2;
				MTL_ENABLE_DEBUG_INFO = INCLUDE_SOURCE;
				MTL_FAST_MATH = YES;
				ONLY_ACTIVE_ARCH = YES;
				SDKROOT = iphoneos;
				SWIFT_ACTIVE_COMPILATION_CONDITIONS = DEBUG;
				SWIFT_OPTIMIZATION_LEVEL = "-Onone";
			};
			name = Debug;
		};
		824CFC4B27C5110B00A6CF40 /* Release */ = {
			isa = XCBuildConfiguration;
			buildSettings = {
				ALWAYS_SEARCH_USER_PATHS = NO;
				CLANG_ANALYZER_NONNULL = YES;
				CLANG_ANALYZER_NUMBER_OBJECT_CONVERSION = YES_AGGRESSIVE;
				CLANG_CXX_LANGUAGE_STANDARD = "gnu++17";
				CLANG_CXX_LIBRARY = "libc++";
				CLANG_ENABLE_MODULES = YES;
				CLANG_ENABLE_OBJC_ARC = YES;
				CLANG_ENABLE_OBJC_WEAK = YES;
				CLANG_WARN_BLOCK_CAPTURE_AUTORELEASING = YES;
				CLANG_WARN_BOOL_CONVERSION = YES;
				CLANG_WARN_COMMA = YES;
				CLANG_WARN_CONSTANT_CONVERSION = YES;
				CLANG_WARN_DEPRECATED_OBJC_IMPLEMENTATIONS = YES;
				CLANG_WARN_DIRECT_OBJC_ISA_USAGE = YES_ERROR;
				CLANG_WARN_DOCUMENTATION_COMMENTS = YES;
				CLANG_WARN_EMPTY_BODY = YES;
				CLANG_WARN_ENUM_CONVERSION = YES;
				CLANG_WARN_INFINITE_RECURSION = YES;
				CLANG_WARN_INT_CONVERSION = YES;
				CLANG_WARN_NON_LITERAL_NULL_CONVERSION = YES;
				CLANG_WARN_OBJC_IMPLICIT_RETAIN_SELF = YES;
				CLANG_WARN_OBJC_LITERAL_CONVERSION = YES;
				CLANG_WARN_OBJC_ROOT_CLASS = YES_ERROR;
				CLANG_WARN_QUOTED_INCLUDE_IN_FRAMEWORK_HEADER = YES;
				CLANG_WARN_RANGE_LOOP_ANALYSIS = YES;
				CLANG_WARN_STRICT_PROTOTYPES = YES;
				CLANG_WARN_SUSPICIOUS_MOVE = YES;
				CLANG_WARN_UNGUARDED_AVAILABILITY = YES_AGGRESSIVE;
				CLANG_WARN_UNREACHABLE_CODE = YES;
				CLANG_WARN__DUPLICATE_METHOD_MATCH = YES;
				COPY_PHASE_STRIP = NO;
				DEBUG_INFORMATION_FORMAT = "dwarf-with-dsym";
				ENABLE_NS_ASSERTIONS = NO;
				ENABLE_STRICT_OBJC_MSGSEND = YES;
				GCC_C_LANGUAGE_STANDARD = gnu11;
				GCC_NO_COMMON_BLOCKS = YES;
				GCC_WARN_64_TO_32_BIT_CONVERSION = YES;
				GCC_WARN_ABOUT_RETURN_TYPE = YES_ERROR;
				GCC_WARN_UNDECLARED_SELECTOR = YES;
				GCC_WARN_UNINITIALIZED_AUTOS = YES_AGGRESSIVE;
				GCC_WARN_UNUSED_FUNCTION = YES;
				GCC_WARN_UNUSED_VARIABLE = YES;
				IPHONEOS_DEPLOYMENT_TARGET = 15.2;
				MTL_ENABLE_DEBUG_INFO = NO;
				MTL_FAST_MATH = YES;
				SDKROOT = iphoneos;
				SWIFT_COMPILATION_MODE = wholemodule;
				SWIFT_OPTIMIZATION_LEVEL = "-O";
				VALIDATE_PRODUCT = YES;
			};
			name = Release;
		};
		824CFC4D27C5110B00A6CF40 /* Debug */ = {
			isa = XCBuildConfiguration;
			buildSettings = {
				ASSETCATALOG_COMPILER_APPICON_NAME = AppIcon;
				ASSETCATALOG_COMPILER_GLOBAL_ACCENT_COLOR_NAME = AccentColor;
				CODE_SIGN_STYLE = Automatic;
				CURRENT_PROJECT_VERSION = 1;
				DEVELOPMENT_ASSET_PATHS = "\"iGrids Energy Monitor/Preview Content\"";
				DEVELOPMENT_TEAM = FN8G397267;
				ENABLE_PREVIEWS = YES;
				GENERATE_INFOPLIST_FILE = YES;
				INFOPLIST_KEY_UIApplicationSceneManifest_Generation = YES;
				INFOPLIST_KEY_UIApplicationSupportsIndirectInputEvents = YES;
				INFOPLIST_KEY_UILaunchScreen_Generation = YES;
				INFOPLIST_KEY_UISupportedInterfaceOrientations_iPad = "UIInterfaceOrientationPortrait UIInterfaceOrientationPortraitUpsideDown UIInterfaceOrientationLandscapeLeft UIInterfaceOrientationLandscapeRight";
				INFOPLIST_KEY_UISupportedInterfaceOrientations_iPhone = "UIInterfaceOrientationPortrait UIInterfaceOrientationLandscapeLeft UIInterfaceOrientationLandscapeRight";
				LD_RUNPATH_SEARCH_PATHS = (
					"$(inherited)",
					"@executable_path/Frameworks",
				);
				MARKETING_VERSION = 1.0;
				PRODUCT_BUNDLE_IDENTIFIER = "FN8G397267.iGrids-Energy-Monitor";
				PRODUCT_NAME = "$(TARGET_NAME)";
				SWIFT_EMIT_LOC_STRINGS = YES;
				SWIFT_VERSION = 5.0;
				TARGETED_DEVICE_FAMILY = "1,2";
			};
			name = Debug;
		};
		824CFC4E27C5110B00A6CF40 /* Release */ = {
			isa = XCBuildConfiguration;
			buildSettings = {
				ASSETCATALOG_COMPILER_APPICON_NAME = AppIcon;
				ASSETCATALOG_COMPILER_GLOBAL_ACCENT_COLOR_NAME = AccentColor;
				CODE_SIGN_STYLE = Automatic;
				CURRENT_PROJECT_VERSION = 1;
				DEVELOPMENT_ASSET_PATHS = "\"iGrids Energy Monitor/Preview Content\"";
				DEVELOPMENT_TEAM = FN8G397267;
				ENABLE_PREVIEWS = YES;
				GENERATE_INFOPLIST_FILE = YES;
				INFOPLIST_KEY_UIApplicationSceneManifest_Generation = YES;
				INFOPLIST_KEY_UIApplicationSupportsIndirectInputEvents = YES;
				INFOPLIST_KEY_UILaunchScreen_Generation = YES;
				INFOPLIST_KEY_UISupportedInterfaceOrientations_iPad = "UIInterfaceOrientationPortrait UIInterfaceOrientationPortraitUpsideDown UIInterfaceOrientationLandscapeLeft UIInterfaceOrientationLandscapeRight";
				INFOPLIST_KEY_UISupportedInterfaceOrientations_iPhone = "UIInterfaceOrientationPortrait UIInterfaceOrientationLandscapeLeft UIInterfaceOrientationLandscapeRight";
				LD_RUNPATH_SEARCH_PATHS = (
					"$(inherited)",
					"@executable_path/Frameworks",
				);
				MARKETING_VERSION = 1.0;
				PRODUCT_BUNDLE_IDENTIFIER = "FN8G397267.iGrids-Energy-Monitor";
				PRODUCT_NAME = "$(TARGET_NAME)";
				SWIFT_EMIT_LOC_STRINGS = YES;
				SWIFT_VERSION = 5.0;
				TARGETED_DEVICE_FAMILY = "1,2";
			};
			name = Release;
		};
		824CFC5027C5110B00A6CF40 /* Debug */ = {
			isa = XCBuildConfiguration;
			buildSettings = {
				ALWAYS_EMBED_SWIFT_STANDARD_LIBRARIES = YES;
				BUNDLE_LOADER = "$(TEST_HOST)";
				CODE_SIGN_STYLE = Automatic;
				CURRENT_PROJECT_VERSION = 1;
				DEVELOPMENT_TEAM = FN8G397267;
				GENERATE_INFOPLIST_FILE = YES;
				IPHONEOS_DEPLOYMENT_TARGET = 15.2;
				MARKETING_VERSION = 1.0;
				PRODUCT_BUNDLE_IDENTIFIER = "FN8G397267.iGrids-Energy-MonitorTests";
				PRODUCT_NAME = "$(TARGET_NAME)";
				SWIFT_EMIT_LOC_STRINGS = NO;
				SWIFT_VERSION = 5.0;
				TARGETED_DEVICE_FAMILY = "1,2";
				TEST_HOST = "$(BUILT_PRODUCTS_DIR)/iGrids Energy Monitor.app/iGrids Energy Monitor";
			};
			name = Debug;
		};
		824CFC5127C5110B00A6CF40 /* Release */ = {
			isa = XCBuildConfiguration;
			buildSettings = {
				ALWAYS_EMBED_SWIFT_STANDARD_LIBRARIES = YES;
				BUNDLE_LOADER = "$(TEST_HOST)";
				CODE_SIGN_STYLE = Automatic;
				CURRENT_PROJECT_VERSION = 1;
				DEVELOPMENT_TEAM = FN8G397267;
				GENERATE_INFOPLIST_FILE = YES;
				IPHONEOS_DEPLOYMENT_TARGET = 15.2;
				MARKETING_VERSION = 1.0;
				PRODUCT_BUNDLE_IDENTIFIER = "FN8G397267.iGrids-Energy-MonitorTests";
				PRODUCT_NAME = "$(TARGET_NAME)";
				SWIFT_EMIT_LOC_STRINGS = NO;
				SWIFT_VERSION = 5.0;
				TARGETED_DEVICE_FAMILY = "1,2";
				TEST_HOST = "$(BUILT_PRODUCTS_DIR)/iGrids Energy Monitor.app/iGrids Energy Monitor";
			};
			name = Release;
		};
		824CFC5327C5110B00A6CF40 /* Debug */ = {
			isa = XCBuildConfiguration;
			buildSettings = {
				ALWAYS_EMBED_SWIFT_STANDARD_LIBRARIES = YES;
				CODE_SIGN_STYLE = Automatic;
				CURRENT_PROJECT_VERSION = 1;
				DEVELOPMENT_TEAM = FN8G397267;
				GENERATE_INFOPLIST_FILE = YES;
				MARKETING_VERSION = 1.0;
				PRODUCT_BUNDLE_IDENTIFIER = "FN8G397267.iGrids-Energy-MonitorUITests";
				PRODUCT_NAME = "$(TARGET_NAME)";
				SWIFT_EMIT_LOC_STRINGS = NO;
				SWIFT_VERSION = 5.0;
				TARGETED_DEVICE_FAMILY = "1,2";
				TEST_TARGET_NAME = "iGrids Energy Monitor";
			};
			name = Debug;
		};
		824CFC5427C5110B00A6CF40 /* Release */ = {
			isa = XCBuildConfiguration;
			buildSettings = {
				ALWAYS_EMBED_SWIFT_STANDARD_LIBRARIES = YES;
				CODE_SIGN_STYLE = Automatic;
				CURRENT_PROJECT_VERSION = 1;
				DEVELOPMENT_TEAM = FN8G397267;
				GENERATE_INFOPLIST_FILE = YES;
				MARKETING_VERSION = 1.0;
				PRODUCT_BUNDLE_IDENTIFIER = "FN8G397267.iGrids-Energy-MonitorUITests";
				PRODUCT_NAME = "$(TARGET_NAME)";
				SWIFT_EMIT_LOC_STRINGS = NO;
				SWIFT_VERSION = 5.0;
				TARGETED_DEVICE_FAMILY = "1,2";
				TEST_TARGET_NAME = "iGrids Energy Monitor";
			};
			name = Release;
		};
/* End XCBuildConfiguration section */

/* Begin XCConfigurationList section */
		824CFC2327C5110600A6CF40 /* Build configuration list for PBXProject "iGrids Energy Monitor" */ = {
			isa = XCConfigurationList;
			buildConfigurations = (
				824CFC4A27C5110B00A6CF40 /* Debug */,
				824CFC4B27C5110B00A6CF40 /* Release */,
			);
			defaultConfigurationIsVisible = 0;
			defaultConfigurationName = Release;
		};
		824CFC4C27C5110B00A6CF40 /* Build configuration list for PBXNativeTarget "iGrids Energy Monitor" */ = {
			isa = XCConfigurationList;
			buildConfigurations = (
				824CFC4D27C5110B00A6CF40 /* Debug */,
				824CFC4E27C5110B00A6CF40 /* Release */,
			);
			defaultConfigurationIsVisible = 0;
			defaultConfigurationName = Release;
		};
		824CFC4F27C5110B00A6CF40 /* Build configuration list for PBXNativeTarget "iGrids Energy MonitorTests" */ = {
			isa = XCConfigurationList;
			buildConfigurations = (
				824CFC5027C5110B00A6CF40 /* Debug */,
				824CFC5127C5110B00A6CF40 /* Release */,
			);
			defaultConfigurationIsVisible = 0;
			defaultConfigurationName = Release;
		};
		824CFC5227C5110B00A6CF40 /* Build configuration list for PBXNativeTarget "iGrids Energy MonitorUITests" */ = {
			isa = XCConfigurationList;
			buildConfigurations = (
				824CFC5327C5110B00A6CF40 /* Debug */,
				824CFC5427C5110B00A6CF40 /* Release */,
			);
			defaultConfigurationIsVisible = 0;
			defaultConfigurationName = Release;
		};
/* End XCConfigurationList section */
	};
	rootObject = 824CFC2027C5110600A6CF40 /* Project object */;
}
